// !$*UTF8*$!
{
	archiveVersion = 1;
	classes = {
	};
	objectVersion = 56;
	objects = {

/* Begin PBXBuildFile section */
		0411FA752D0672BB0006700A /* AppDelegate.swift in Sources */ = {isa = PBXBuildFile; fileRef = 0411FA742D0672BB0006700A /* AppDelegate.swift */; };
		0411FA772D0672BB0006700A /* SceneDelegate.swift in Sources */ = {isa = PBXBuildFile; fileRef = 0411FA762D0672BB0006700A /* SceneDelegate.swift */; };
		0411FA7E2D0672C00006700A /* Assets.xcassets in Resources */ = {isa = PBXBuildFile; fileRef = 0411FA7D2D0672C00006700A /* Assets.xcassets */; };
		0411FA812D0672C00006700A /* LaunchScreen.storyboard in Resources */ = {isa = PBXBuildFile; fileRef = 0411FA7F2D0672C00006700A /* LaunchScreen.storyboard */; };
		0411FA9C2D0675850006700A /* BaseCoordinator.swift in Sources */ = {isa = PBXBuildFile; fileRef = 0411FA9B2D0675850006700A /* BaseCoordinator.swift */; };
		0411FA9E2D0675A20006700A /* AppCoordinator.swift in Sources */ = {isa = PBXBuildFile; fileRef = 0411FA9D2D0675A20006700A /* AppCoordinator.swift */; };
		0411FAA02D0675EE0006700A /* UserModel.swift in Sources */ = {isa = PBXBuildFile; fileRef = 0411FA9F2D0675EE0006700A /* UserModel.swift */; };
		0411FAA82D0676540006700A /* Utils.swift in Sources */ = {isa = PBXBuildFile; fileRef = 0411FAA72D0676540006700A /* Utils.swift */; };
		04482FF82D0788750070A72C /* ProfileVC.swift in Sources */ = {isa = PBXBuildFile; fileRef = 04482FF62D0788750070A72C /* ProfileVC.swift */; };
		04482FF92D0788750070A72C /* ProfileVC.xib in Resources */ = {isa = PBXBuildFile; fileRef = 04482FF72D0788750070A72C /* ProfileVC.xib */; };
		047178AF2D07CD97001B4FCE /* Geo.swift in Sources */ = {isa = PBXBuildFile; fileRef = 047178AE2D07CD97001B4FCE /* Geo.swift */; };
		047178B12D07CDAB001B4FCE /* Company.swift in Sources */ = {isa = PBXBuildFile; fileRef = 047178B02D07CDAB001B4FCE /* Company.swift */; };
		047178B32D07CDBF001B4FCE /* Address.swift in Sources */ = {isa = PBXBuildFile; fileRef = 047178B22D07CDBF001B4FCE /* Address.swift */; };
		047178B72D083A85001B4FCE /* ProfileView.swift in Sources */ = {isa = PBXBuildFile; fileRef = 047178B52D083A85001B4FCE /* ProfileView.swift */; };
		047178B82D083A85001B4FCE /* ProfileView.xib in Resources */ = {isa = PBXBuildFile; fileRef = 047178B62D083A85001B4FCE /* ProfileView.xib */; };
		047178E42D08D7BF001B4FCE /* HomeVC.swift in Sources */ = {isa = PBXBuildFile; fileRef = 047178E22D08D7BF001B4FCE /* HomeVC.swift */; };
		047178E52D08D7BF001B4FCE /* HomeVC.xib in Resources */ = {isa = PBXBuildFile; fileRef = 047178E32D08D7BF001B4FCE /* HomeVC.xib */; };
		047178E72D08D815001B4FCE /* AppUser.swift in Sources */ = {isa = PBXBuildFile; fileRef = 047178E62D08D815001B4FCE /* AppUser.swift */; };
		04CCD8F62D0A5E29002AB9C7 /* HomeViewModel.swift in Sources */ = {isa = PBXBuildFile; fileRef = 04CCD8F52D0A5E29002AB9C7 /* HomeViewModel.swift */; };
		04CCD8F82D0A63BA002AB9C7 /* EndPoints.swift in Sources */ = {isa = PBXBuildFile; fileRef = 04CCD8F72D0A63BA002AB9C7 /* EndPoints.swift */; };
		04CCD9182D0A99B2002AB9C7 /* Repository.swift in Sources */ = {isa = PBXBuildFile; fileRef = 04CCD9172D0A99B2002AB9C7 /* Repository.swift */; };
		04CCD91C2D0B7522002AB9C7 /* ProfileViewModel.swift in Sources */ = {isa = PBXBuildFile; fileRef = 04CCD91B2D0B7522002AB9C7 /* ProfileViewModel.swift */; };
		04CCD91E2D0B75D9002AB9C7 /* AlbumDetailsViewModel.swift in Sources */ = {isa = PBXBuildFile; fileRef = 04CCD91D2D0B75D9002AB9C7 /* AlbumDetailsViewModel.swift */; };
		04CCD9282D0B874D002AB9C7 /* UIViewController + ErrorAlert.swift in Sources */ = {isa = PBXBuildFile; fileRef = 04CCD9272D0B874D002AB9C7 /* UIViewController + ErrorAlert.swift */; };
		04CCD92F2D0B941D002AB9C7 /* AlbumModel.swift in Sources */ = {isa = PBXBuildFile; fileRef = 04CCD92E2D0B941D002AB9C7 /* AlbumModel.swift */; };
		04CCD9402D0B96B8002AB9C7 /* SwiftMessages in Frameworks */ = {isa = PBXBuildFile; productRef = 04CCD93F2D0B96B8002AB9C7 /* SwiftMessages */; };
		04CCD9422D0B96B8002AB9C7 /* SwiftMessages-Dynamic in Frameworks */ = {isa = PBXBuildFile; productRef = 04CCD9412D0B96B8002AB9C7 /* SwiftMessages-Dynamic */; };
		04CCD9452D0B9715002AB9C7 /* CombineMoya in Frameworks */ = {isa = PBXBuildFile; productRef = 04CCD9442D0B9715002AB9C7 /* CombineMoya */; };
		04CCD9472D0B9715002AB9C7 /* Moya in Frameworks */ = {isa = PBXBuildFile; productRef = 04CCD9462D0B9715002AB9C7 /* Moya */; };
		04CCD9492D0B9715002AB9C7 /* ReactiveMoya in Frameworks */ = {isa = PBXBuildFile; productRef = 04CCD9482D0B9715002AB9C7 /* ReactiveMoya */; };
		04CCD94B2D0B9715002AB9C7 /* RxMoya in Frameworks */ = {isa = PBXBuildFile; productRef = 04CCD94A2D0B9715002AB9C7 /* RxMoya */; };
		04CFE4CF2D0E247F0080DDD8 /* TableViewHandler.swift in Sources */ = {isa = PBXBuildFile; fileRef = 04CFE4CE2D0E247F0080DDD8 /* TableViewHandler.swift */; };
		04CFE4D32D0E2BC50080DDD8 /* AlbumTableViewCell.swift in Sources */ = {isa = PBXBuildFile; fileRef = 04CFE4D12D0E2BC50080DDD8 /* AlbumTableViewCell.swift */; };
		04CFE4D42D0E2BC50080DDD8 /* AlbumTableViewCell.xib in Resources */ = {isa = PBXBuildFile; fileRef = 04CFE4D22D0E2BC50080DDD8 /* AlbumTableViewCell.xib */; };
		04CFE4D52D0E6A650080DDD8 /* PhotoModel.swift in Sources */ = {isa = PBXBuildFile; fileRef = 047178E12D08D67C001B4FCE /* PhotoModel.swift */; };
		04CFE4D92D0E6C110080DDD8 /* AlbumDetailsVC.swift in Sources */ = {isa = PBXBuildFile; fileRef = 04CFE4D72D0E6C110080DDD8 /* AlbumDetailsVC.swift */; };
		04CFE4DA2D0E6C110080DDD8 /* AlbumDetailsVC.xib in Resources */ = {isa = PBXBuildFile; fileRef = 04CFE4D82D0E6C110080DDD8 /* AlbumDetailsVC.xib */; };
		04CFE4DC2D0E70D70080DDD8 /* CollectionViewHandler.swift in Sources */ = {isa = PBXBuildFile; fileRef = 04CFE4DB2D0E70D70080DDD8 /* CollectionViewHandler.swift */; };
		04CFE4DE2D0E71DE0080DDD8 /* ConfigurableCell.swift in Sources */ = {isa = PBXBuildFile; fileRef = 04CFE4DD2D0E71DE0080DDD8 /* ConfigurableCell.swift */; };
		04CFE4E22D0E76F90080DDD8 /* PhotoCollectionViewCell.swift in Sources */ = {isa = PBXBuildFile; fileRef = 04CFE4E02D0E76F90080DDD8 /* PhotoCollectionViewCell.swift */; };
		04CFE4E32D0E76F90080DDD8 /* PhotoCollectionViewCell.xib in Resources */ = {isa = PBXBuildFile; fileRef = 04CFE4E12D0E76F90080DDD8 /* PhotoCollectionViewCell.xib */; };
		04CFE4E62D0E778E0080DDD8 /* SDWebImage in Frameworks */ = {isa = PBXBuildFile; productRef = 04CFE4E52D0E778E0080DDD8 /* SDWebImage */; };
		04CFE4E82D0E778E0080DDD8 /* SDWebImageMapKit in Frameworks */ = {isa = PBXBuildFile; productRef = 04CFE4E72D0E778E0080DDD8 /* SDWebImageMapKit */; };
		04CFE4EB2D0E80840080DDD8 /* SKPhotoBrowser in Frameworks */ = {isa = PBXBuildFile; productRef = 04CFE4EA2D0E80840080DDD8 /* SKPhotoBrowser */; };
/* End PBXBuildFile section */

/* Begin PBXFileReference section */
		0411FA712D0672BB0006700A /* Albumista.app */ = {isa = PBXFileReference; explicitFileType = wrapper.application; includeInIndex = 0; path = Albumista.app; sourceTree = BUILT_PRODUCTS_DIR; };
		0411FA742D0672BB0006700A /* AppDelegate.swift */ = {isa = PBXFileReference; lastKnownFileType = sourcecode.swift; path = AppDelegate.swift; sourceTree = "<group>"; };
		0411FA762D0672BB0006700A /* SceneDelegate.swift */ = {isa = PBXFileReference; lastKnownFileType = sourcecode.swift; path = SceneDelegate.swift; sourceTree = "<group>"; };
		0411FA7D2D0672C00006700A /* Assets.xcassets */ = {isa = PBXFileReference; lastKnownFileType = folder.assetcatalog; path = Assets.xcassets; sourceTree = "<group>"; };
		0411FA802D0672C00006700A /* Base */ = {isa = PBXFileReference; lastKnownFileType = file.storyboard; name = Base; path = Base.lproj/LaunchScreen.storyboard; sourceTree = "<group>"; };
		0411FA822D0672C00006700A /* Info.plist */ = {isa = PBXFileReference; lastKnownFileType = text.plist.xml; path = Info.plist; sourceTree = "<group>"; };
		0411FA9B2D0675850006700A /* BaseCoordinator.swift */ = {isa = PBXFileReference; lastKnownFileType = sourcecode.swift; path = BaseCoordinator.swift; sourceTree = "<group>"; };
		0411FA9D2D0675A20006700A /* AppCoordinator.swift */ = {isa = PBXFileReference; lastKnownFileType = sourcecode.swift; path = AppCoordinator.swift; sourceTree = "<group>"; };
		0411FA9F2D0675EE0006700A /* UserModel.swift */ = {isa = PBXFileReference; lastKnownFileType = sourcecode.swift; path = UserModel.swift; sourceTree = "<group>"; };
		0411FAA72D0676540006700A /* Utils.swift */ = {isa = PBXFileReference; lastKnownFileType = sourcecode.swift; path = Utils.swift; sourceTree = "<group>"; };
		04482FF62D0788750070A72C /* ProfileVC.swift */ = {isa = PBXFileReference; lastKnownFileType = sourcecode.swift; path = ProfileVC.swift; sourceTree = "<group>"; };
		04482FF72D0788750070A72C /* ProfileVC.xib */ = {isa = PBXFileReference; lastKnownFileType = file.xib; path = ProfileVC.xib; sourceTree = "<group>"; };
		047178AE2D07CD97001B4FCE /* Geo.swift */ = {isa = PBXFileReference; lastKnownFileType = sourcecode.swift; path = Geo.swift; sourceTree = "<group>"; };
		047178B02D07CDAB001B4FCE /* Company.swift */ = {isa = PBXFileReference; lastKnownFileType = sourcecode.swift; path = Company.swift; sourceTree = "<group>"; };
		047178B22D07CDBF001B4FCE /* Address.swift */ = {isa = PBXFileReference; lastKnownFileType = sourcecode.swift; path = Address.swift; sourceTree = "<group>"; };
		047178B52D083A85001B4FCE /* ProfileView.swift */ = {isa = PBXFileReference; lastKnownFileType = sourcecode.swift; path = ProfileView.swift; sourceTree = "<group>"; };
		047178B62D083A85001B4FCE /* ProfileView.xib */ = {isa = PBXFileReference; lastKnownFileType = file.xib; path = ProfileView.xib; sourceTree = "<group>"; };
		047178E12D08D67C001B4FCE /* PhotoModel.swift */ = {isa = PBXFileReference; lastKnownFileType = sourcecode.swift; path = PhotoModel.swift; sourceTree = "<group>"; };
		047178E22D08D7BF001B4FCE /* HomeVC.swift */ = {isa = PBXFileReference; lastKnownFileType = sourcecode.swift; path = HomeVC.swift; sourceTree = "<group>"; };
		047178E32D08D7BF001B4FCE /* HomeVC.xib */ = {isa = PBXFileReference; lastKnownFileType = file.xib; path = HomeVC.xib; sourceTree = "<group>"; };
		047178E62D08D815001B4FCE /* AppUser.swift */ = {isa = PBXFileReference; lastKnownFileType = sourcecode.swift; path = AppUser.swift; sourceTree = "<group>"; };
		04CCD8F52D0A5E29002AB9C7 /* HomeViewModel.swift */ = {isa = PBXFileReference; lastKnownFileType = sourcecode.swift; path = HomeViewModel.swift; sourceTree = "<group>"; };
		04CCD8F72D0A63BA002AB9C7 /* EndPoints.swift */ = {isa = PBXFileReference; lastKnownFileType = sourcecode.swift; path = EndPoints.swift; sourceTree = "<group>"; };
		04CCD9172D0A99B2002AB9C7 /* Repository.swift */ = {isa = PBXFileReference; lastKnownFileType = sourcecode.swift; path = Repository.swift; sourceTree = "<group>"; };
		04CCD91B2D0B7522002AB9C7 /* ProfileViewModel.swift */ = {isa = PBXFileReference; lastKnownFileType = sourcecode.swift; path = ProfileViewModel.swift; sourceTree = "<group>"; };
		04CCD91D2D0B75D9002AB9C7 /* AlbumDetailsViewModel.swift */ = {isa = PBXFileReference; lastKnownFileType = sourcecode.swift; path = AlbumDetailsViewModel.swift; sourceTree = "<group>"; };
		04CCD9272D0B874D002AB9C7 /* UIViewController + ErrorAlert.swift */ = {isa = PBXFileReference; lastKnownFileType = sourcecode.swift; path = "UIViewController + ErrorAlert.swift"; sourceTree = "<group>"; };
		04CCD92E2D0B941D002AB9C7 /* AlbumModel.swift */ = {isa = PBXFileReference; lastKnownFileType = sourcecode.swift; path = AlbumModel.swift; sourceTree = "<group>"; };
		04CFE4CE2D0E247F0080DDD8 /* TableViewHandler.swift */ = {isa = PBXFileReference; lastKnownFileType = sourcecode.swift; path = TableViewHandler.swift; sourceTree = "<group>"; };
		04CFE4D12D0E2BC50080DDD8 /* AlbumTableViewCell.swift */ = {isa = PBXFileReference; lastKnownFileType = sourcecode.swift; path = AlbumTableViewCell.swift; sourceTree = "<group>"; };
		04CFE4D22D0E2BC50080DDD8 /* AlbumTableViewCell.xib */ = {isa = PBXFileReference; lastKnownFileType = file.xib; path = AlbumTableViewCell.xib; sourceTree = "<group>"; };
		04CFE4D72D0E6C110080DDD8 /* AlbumDetailsVC.swift */ = {isa = PBXFileReference; lastKnownFileType = sourcecode.swift; path = AlbumDetailsVC.swift; sourceTree = "<group>"; };
		04CFE4D82D0E6C110080DDD8 /* AlbumDetailsVC.xib */ = {isa = PBXFileReference; lastKnownFileType = file.xib; path = AlbumDetailsVC.xib; sourceTree = "<group>"; };
		04CFE4DB2D0E70D70080DDD8 /* CollectionViewHandler.swift */ = {isa = PBXFileReference; lastKnownFileType = sourcecode.swift; path = CollectionViewHandler.swift; sourceTree = "<group>"; };
		04CFE4DD2D0E71DE0080DDD8 /* ConfigurableCell.swift */ = {isa = PBXFileReference; lastKnownFileType = sourcecode.swift; path = ConfigurableCell.swift; sourceTree = "<group>"; };
		04CFE4E02D0E76F90080DDD8 /* PhotoCollectionViewCell.swift */ = {isa = PBXFileReference; lastKnownFileType = sourcecode.swift; path = PhotoCollectionViewCell.swift; sourceTree = "<group>"; };
		04CFE4E12D0E76F90080DDD8 /* PhotoCollectionViewCell.xib */ = {isa = PBXFileReference; lastKnownFileType = file.xib; path = PhotoCollectionViewCell.xib; sourceTree = "<group>"; };
/* End PBXFileReference section */

/* Begin PBXFrameworksBuildPhase section */
		0411FA6E2D0672BB0006700A /* Frameworks */ = {
			isa = PBXFrameworksBuildPhase;
			buildActionMask = 2147483647;
			files = (
				04CCD94B2D0B9715002AB9C7 /* RxMoya in Frameworks */,
				04CCD9422D0B96B8002AB9C7 /* SwiftMessages-Dynamic in Frameworks */,
				04CCD9402D0B96B8002AB9C7 /* SwiftMessages in Frameworks */,
				04CFE4E62D0E778E0080DDD8 /* SDWebImage in Frameworks */,
				04CCD9472D0B9715002AB9C7 /* Moya in Frameworks */,
				04CCD9492D0B9715002AB9C7 /* ReactiveMoya in Frameworks */,
				04CFE4E82D0E778E0080DDD8 /* SDWebImageMapKit in Frameworks */,
				04CFE4EB2D0E80840080DDD8 /* SKPhotoBrowser in Frameworks */,
				04CCD9452D0B9715002AB9C7 /* CombineMoya in Frameworks */,
			);
			runOnlyForDeploymentPostprocessing = 0;
		};
/* End PBXFrameworksBuildPhase section */

/* Begin PBXGroup section */
		0411FA682D0672BB0006700A = {
			isa = PBXGroup;
			children = (
				0411FA732D0672BB0006700A /* Albumista */,
				0411FA722D0672BB0006700A /* Products */,
			);
			sourceTree = "<group>";
		};
		0411FA722D0672BB0006700A /* Products */ = {
			isa = PBXGroup;
			children = (
				0411FA712D0672BB0006700A /* Albumista.app */,
			);
			name = Products;
			sourceTree = "<group>";
		};
		0411FA732D0672BB0006700A /* Albumista */ = {
			isa = PBXGroup;
			children = (
				0411FA9A2D0675480006700A /* Base */,
				0411FA982D0675400006700A /* Coordinators */,
				0411FA8B2D06749B0006700A /* Scenes */,
				0411FAA92D0677C90006700A /* Resources */,
			);
			path = Albumista;
			sourceTree = "<group>";
		};
		0411FA8B2D06749B0006700A /* Scenes */ = {
			isa = PBXGroup;
			children = (
				0411FA8E2D0674B70006700A /* Views */,
				0411FA8D2D0674B50006700A /* ViewModels */,
				0411FA8C2D0674B30006700A /* DataLayers */,
			);
			path = Scenes;
			sourceTree = "<group>";
		};
		0411FA8C2D0674B30006700A /* DataLayers */ = {
			isa = PBXGroup;
			children = (
				0411FA912D0674E00006700A /* Models */,
				0411FA902D0674DE0006700A /* EndPoints */,
				0411FA8F2D0674DC0006700A /* Repositories */,
			);
			path = DataLayers;
			sourceTree = "<group>";
		};
		0411FA8D2D0674B50006700A /* ViewModels */ = {
			isa = PBXGroup;
			children = (
				04CCD8F52D0A5E29002AB9C7 /* HomeViewModel.swift */,
				04CCD91B2D0B7522002AB9C7 /* ProfileViewModel.swift */,
				04CCD91D2D0B75D9002AB9C7 /* AlbumDetailsViewModel.swift */,
			);
			path = ViewModels;
			sourceTree = "<group>";
		};
		0411FA8E2D0674B70006700A /* Views */ = {
			isa = PBXGroup;
			children = (
				04CCD8F32D0A5DED002AB9C7 /* HomeVC */,
				04CCD8F42D0A5DFF002AB9C7 /* ProfileVC */,
				04CFE4D62D0E6BD90080DDD8 /* AlbumDetailsVC */,
			);
			path = Views;
			sourceTree = "<group>";
		};
		0411FA8F2D0674DC0006700A /* Repositories */ = {
			isa = PBXGroup;
			children = (
				04CCD9172D0A99B2002AB9C7 /* Repository.swift */,
			);
			path = Repositories;
			sourceTree = "<group>";
		};
		0411FA902D0674DE0006700A /* EndPoints */ = {
			isa = PBXGroup;
			children = (
				04CCD8F72D0A63BA002AB9C7 /* EndPoints.swift */,
			);
			path = EndPoints;
			sourceTree = "<group>";
		};
		0411FA912D0674E00006700A /* Models */ = {
			isa = PBXGroup;
			children = (
				0480C1C52D0B9A7C002D3B23 /* Photo */,
				04CCD91A2D0A9C35002AB9C7 /* Album */,
				04CCD9192D0A9C21002AB9C7 /* User */,
			);
			path = Models;
			sourceTree = "<group>";
		};
		0411FA982D0675400006700A /* Coordinators */ = {
			isa = PBXGroup;
			children = (
				0411FA9B2D0675850006700A /* BaseCoordinator.swift */,
				0411FA9D2D0675A20006700A /* AppCoordinator.swift */,
			);
			path = Coordinators;
			sourceTree = "<group>";
		};
		0411FA9A2D0675480006700A /* Base */ = {
			isa = PBXGroup;
			children = (
				0411FAA62D06763A0006700A /* Core */,
				0411FAA52D0676370006700A /* Utils */,
				04CCD9252D0B86FF002AB9C7 /* Extensions */,
			);
			path = Base;
			sourceTree = "<group>";
		};
		0411FAA52D0676370006700A /* Utils */ = {
			isa = PBXGroup;
			children = (
				0411FAA72D0676540006700A /* Utils.swift */,
				047178E62D08D815001B4FCE /* AppUser.swift */,
				04CFE4DD2D0E71DE0080DDD8 /* ConfigurableCell.swift */,
			);
			path = Utils;
			sourceTree = "<group>";
		};
		0411FAA62D06763A0006700A /* Core */ = {
			isa = PBXGroup;
			children = (
				0411FA742D0672BB0006700A /* AppDelegate.swift */,
				0411FA762D0672BB0006700A /* SceneDelegate.swift */,
				0411FA7F2D0672C00006700A /* LaunchScreen.storyboard */,
			);
			path = Core;
			sourceTree = "<group>";
		};
		0411FAA92D0677C90006700A /* Resources */ = {
			isa = PBXGroup;
			children = (
				0411FA7D2D0672C00006700A /* Assets.xcassets */,
				0411FA822D0672C00006700A /* Info.plist */,
			);
			path = Resources;
			sourceTree = "<group>";
		};
		047178B42D083A29001B4FCE /* ProfileView */ = {
			isa = PBXGroup;
			children = (
				047178B52D083A85001B4FCE /* ProfileView.swift */,
				047178B62D083A85001B4FCE /* ProfileView.xib */,
			);
			path = ProfileView;
			sourceTree = "<group>";
		};
		0480C1C52D0B9A7C002D3B23 /* Photo */ = {
			isa = PBXGroup;
			children = (
				047178E12D08D67C001B4FCE /* PhotoModel.swift */,
			);
			path = Photo;
			sourceTree = "<group>";
		};
		04CCD8F32D0A5DED002AB9C7 /* HomeVC */ = {
			isa = PBXGroup;
			children = (
				047178E22D08D7BF001B4FCE /* HomeVC.swift */,
				047178E32D08D7BF001B4FCE /* HomeVC.xib */,
				04CFE4CE2D0E247F0080DDD8 /* TableViewHandler.swift */,
				04CFE4D02D0E2B920080DDD8 /* TableViewCell */,
				047178B42D083A29001B4FCE /* ProfileView */,
			);
			path = HomeVC;
			sourceTree = "<group>";
		};
		04CCD8F42D0A5DFF002AB9C7 /* ProfileVC */ = {
			isa = PBXGroup;
			children = (
				04482FF62D0788750070A72C /* ProfileVC.swift */,
				04482FF72D0788750070A72C /* ProfileVC.xib */,
			);
			path = ProfileVC;
			sourceTree = "<group>";
		};
		04CCD9192D0A9C21002AB9C7 /* User */ = {
			isa = PBXGroup;
			children = (
				0411FA9F2D0675EE0006700A /* UserModel.swift */,
				047178B22D07CDBF001B4FCE /* Address.swift */,
				047178B02D07CDAB001B4FCE /* Company.swift */,
				047178AE2D07CD97001B4FCE /* Geo.swift */,
			);
			path = User;
			sourceTree = "<group>";
		};
		04CCD91A2D0A9C35002AB9C7 /* Album */ = {
			isa = PBXGroup;
			children = (
				04CCD92E2D0B941D002AB9C7 /* AlbumModel.swift */,
			);
			path = Album;
			sourceTree = "<group>";
		};
		04CCD9252D0B86FF002AB9C7 /* Extensions */ = {
			isa = PBXGroup;
			children = (
				04CCD9272D0B874D002AB9C7 /* UIViewController + ErrorAlert.swift */,
			);
			path = Extensions;
			sourceTree = "<group>";
		};
		04CFE4D02D0E2B920080DDD8 /* TableViewCell */ = {
			isa = PBXGroup;
			children = (
				04CFE4D12D0E2BC50080DDD8 /* AlbumTableViewCell.swift */,
				04CFE4D22D0E2BC50080DDD8 /* AlbumTableViewCell.xib */,
			);
			path = TableViewCell;
			sourceTree = "<group>";
		};
		04CFE4D62D0E6BD90080DDD8 /* AlbumDetailsVC */ = {
			isa = PBXGroup;
			children = (
				04CFE4D72D0E6C110080DDD8 /* AlbumDetailsVC.swift */,
				04CFE4D82D0E6C110080DDD8 /* AlbumDetailsVC.xib */,
				04CFE4DB2D0E70D70080DDD8 /* CollectionViewHandler.swift */,
				04CFE4DF2D0E769C0080DDD8 /* CollectionViewCell */,
			);
			path = AlbumDetailsVC;
			sourceTree = "<group>";
		};
		04CFE4DF2D0E769C0080DDD8 /* CollectionViewCell */ = {
			isa = PBXGroup;
			children = (
				04CFE4E02D0E76F90080DDD8 /* PhotoCollectionViewCell.swift */,
				04CFE4E12D0E76F90080DDD8 /* PhotoCollectionViewCell.xib */,
			);
			path = CollectionViewCell;
			sourceTree = "<group>";
		};
/* End PBXGroup section */

/* Begin PBXNativeTarget section */
		0411FA702D0672BB0006700A /* Albumista */ = {
			isa = PBXNativeTarget;
			buildConfigurationList = 0411FA852D0672C00006700A /* Build configuration list for PBXNativeTarget "Albumista" */;
			buildPhases = (
				0411FA6D2D0672BB0006700A /* Sources */,
				0411FA6E2D0672BB0006700A /* Frameworks */,
				0411FA6F2D0672BB0006700A /* Resources */,
			);
			buildRules = (
			);
			dependencies = (
			);
			name = Albumista;
			packageProductDependencies = (
				04CCD93F2D0B96B8002AB9C7 /* SwiftMessages */,
				04CCD9412D0B96B8002AB9C7 /* SwiftMessages-Dynamic */,
				04CCD9442D0B9715002AB9C7 /* CombineMoya */,
				04CCD9462D0B9715002AB9C7 /* Moya */,
				04CCD9482D0B9715002AB9C7 /* ReactiveMoya */,
				04CCD94A2D0B9715002AB9C7 /* RxMoya */,
				04CFE4E52D0E778E0080DDD8 /* SDWebImage */,
				04CFE4E72D0E778E0080DDD8 /* SDWebImageMapKit */,
				04CFE4EA2D0E80840080DDD8 /* SKPhotoBrowser */,
			);
			productName = Albumista;
			productReference = 0411FA712D0672BB0006700A /* Albumista.app */;
			productType = "com.apple.product-type.application";
		};
/* End PBXNativeTarget section */

/* Begin PBXProject section */
		0411FA692D0672BB0006700A /* Project object */ = {
			isa = PBXProject;
			attributes = {
				BuildIndependentTargetsInParallel = 1;
				LastSwiftUpdateCheck = 1520;
				LastUpgradeCheck = 1520;
				TargetAttributes = {
					0411FA702D0672BB0006700A = {
						CreatedOnToolsVersion = 15.2;
					};
				};
			};
			buildConfigurationList = 0411FA6C2D0672BB0006700A /* Build configuration list for PBXProject "Albumista" */;
			compatibilityVersion = "Xcode 14.0";
			developmentRegion = en;
			hasScannedForEncodings = 0;
			knownRegions = (
				en,
				Base,
			);
			mainGroup = 0411FA682D0672BB0006700A;
			packageReferences = (
				04CCD93E2D0B96B8002AB9C7 /* XCRemoteSwiftPackageReference "SwiftMessages" */,
				04CCD9432D0B9715002AB9C7 /* XCRemoteSwiftPackageReference "Moya" */,
				04CFE4E42D0E778E0080DDD8 /* XCRemoteSwiftPackageReference "SDWebImage" */,
				04CFE4E92D0E80840080DDD8 /* XCRemoteSwiftPackageReference "SKPhotoBrowser" */,
			);
			productRefGroup = 0411FA722D0672BB0006700A /* Products */;
			projectDirPath = "";
			projectRoot = "";
			targets = (
				0411FA702D0672BB0006700A /* Albumista */,
			);
		};
/* End PBXProject section */

/* Begin PBXResourcesBuildPhase section */
		0411FA6F2D0672BB0006700A /* Resources */ = {
			isa = PBXResourcesBuildPhase;
			buildActionMask = 2147483647;
			files = (
				047178B82D083A85001B4FCE /* ProfileView.xib in Resources */,
				0411FA812D0672C00006700A /* LaunchScreen.storyboard in Resources */,
				047178E52D08D7BF001B4FCE /* HomeVC.xib in Resources */,
				04CFE4DA2D0E6C110080DDD8 /* AlbumDetailsVC.xib in Resources */,
				04482FF92D0788750070A72C /* ProfileVC.xib in Resources */,
				04CFE4E32D0E76F90080DDD8 /* PhotoCollectionViewCell.xib in Resources */,
				0411FA7E2D0672C00006700A /* Assets.xcassets in Resources */,
				04CFE4D42D0E2BC50080DDD8 /* AlbumTableViewCell.xib in Resources */,
			);
			runOnlyForDeploymentPostprocessing = 0;
		};
/* End PBXResourcesBuildPhase section */

/* Begin PBXSourcesBuildPhase section */
		0411FA6D2D0672BB0006700A /* Sources */ = {
			isa = PBXSourcesBuildPhase;
			buildActionMask = 2147483647;
			files = (
				04CFE4DE2D0E71DE0080DDD8 /* ConfigurableCell.swift in Sources */,
				047178B72D083A85001B4FCE /* ProfileView.swift in Sources */,
				04CCD92F2D0B941D002AB9C7 /* AlbumModel.swift in Sources */,
				04CCD91E2D0B75D9002AB9C7 /* AlbumDetailsViewModel.swift in Sources */,
				04CFE4D32D0E2BC50080DDD8 /* AlbumTableViewCell.swift in Sources */,
				047178E72D08D815001B4FCE /* AppUser.swift in Sources */,
				04CFE4CF2D0E247F0080DDD8 /* TableViewHandler.swift in Sources */,
				0411FAA82D0676540006700A /* Utils.swift in Sources */,
				04CFE4D52D0E6A650080DDD8 /* PhotoModel.swift in Sources */,
				0411FA752D0672BB0006700A /* AppDelegate.swift in Sources */,
				04482FF82D0788750070A72C /* ProfileVC.swift in Sources */,
				04CFE4DC2D0E70D70080DDD8 /* CollectionViewHandler.swift in Sources */,
				0411FA9E2D0675A20006700A /* AppCoordinator.swift in Sources */,
				0411FA772D0672BB0006700A /* SceneDelegate.swift in Sources */,
				04CFE4E22D0E76F90080DDD8 /* PhotoCollectionViewCell.swift in Sources */,
				047178B32D07CDBF001B4FCE /* Address.swift in Sources */,
				0411FAA02D0675EE0006700A /* UserModel.swift in Sources */,
				04CCD8F62D0A5E29002AB9C7 /* HomeViewModel.swift in Sources */,
				04CFE4D92D0E6C110080DDD8 /* AlbumDetailsVC.swift in Sources */,
				047178B12D07CDAB001B4FCE /* Company.swift in Sources */,
				04CCD9182D0A99B2002AB9C7 /* Repository.swift in Sources */,
				047178E42D08D7BF001B4FCE /* HomeVC.swift in Sources */,
				04CCD91C2D0B7522002AB9C7 /* ProfileViewModel.swift in Sources */,
				0411FA9C2D0675850006700A /* BaseCoordinator.swift in Sources */,
				047178AF2D07CD97001B4FCE /* Geo.swift in Sources */,
				04CCD9282D0B874D002AB9C7 /* UIViewController + ErrorAlert.swift in Sources */,
				04CCD8F82D0A63BA002AB9C7 /* EndPoints.swift in Sources */,
			);
			runOnlyForDeploymentPostprocessing = 0;
		};
/* End PBXSourcesBuildPhase section */

/* Begin PBXVariantGroup section */
		0411FA7F2D0672C00006700A /* LaunchScreen.storyboard */ = {
			isa = PBXVariantGroup;
			children = (
				0411FA802D0672C00006700A /* Base */,
			);
			name = LaunchScreen.storyboard;
			sourceTree = "<group>";
		};
/* End PBXVariantGroup section */

/* Begin XCBuildConfiguration section */
		0411FA832D0672C00006700A /* Debug */ = {
			isa = XCBuildConfiguration;
			buildSettings = {
				ALWAYS_SEARCH_USER_PATHS = NO;
				ASSETCATALOG_COMPILER_GENERATE_SWIFT_ASSET_SYMBOL_EXTENSIONS = YES;
				CLANG_ANALYZER_NONNULL = YES;
				CLANG_ANALYZER_NUMBER_OBJECT_CONVERSION = YES_AGGRESSIVE;
				CLANG_CXX_LANGUAGE_STANDARD = "gnu++20";
				CLANG_ENABLE_MODULES = YES;
				CLANG_ENABLE_OBJC_ARC = YES;
				CLANG_ENABLE_OBJC_WEAK = YES;
				CLANG_WARN_BLOCK_CAPTURE_AUTORELEASING = YES;
				CLANG_WARN_BOOL_CONVERSION = YES;
				CLANG_WARN_COMMA = YES;
				CLANG_WARN_CONSTANT_CONVERSION = YES;
				CLANG_WARN_DEPRECATED_OBJC_IMPLEMENTATIONS = YES;
				CLANG_WARN_DIRECT_OBJC_ISA_USAGE = YES_ERROR;
				CLANG_WARN_DOCUMENTATION_COMMENTS = YES;
				CLANG_WARN_EMPTY_BODY = YES;
				CLANG_WARN_ENUM_CONVERSION = YES;
				CLANG_WARN_INFINITE_RECURSION = YES;
				CLANG_WARN_INT_CONVERSION = YES;
				CLANG_WARN_NON_LITERAL_NULL_CONVERSION = YES;
				CLANG_WARN_OBJC_IMPLICIT_RETAIN_SELF = YES;
				CLANG_WARN_OBJC_LITERAL_CONVERSION = YES;
				CLANG_WARN_OBJC_ROOT_CLASS = YES_ERROR;
				CLANG_WARN_QUOTED_INCLUDE_IN_FRAMEWORK_HEADER = YES;
				CLANG_WARN_RANGE_LOOP_ANALYSIS = YES;
				CLANG_WARN_STRICT_PROTOTYPES = YES;
				CLANG_WARN_SUSPICIOUS_MOVE = YES;
				CLANG_WARN_UNGUARDED_AVAILABILITY = YES_AGGRESSIVE;
				CLANG_WARN_UNREACHABLE_CODE = YES;
				CLANG_WARN__DUPLICATE_METHOD_MATCH = YES;
				COPY_PHASE_STRIP = NO;
				DEBUG_INFORMATION_FORMAT = dwarf;
				ENABLE_STRICT_OBJC_MSGSEND = YES;
				ENABLE_TESTABILITY = YES;
				ENABLE_USER_SCRIPT_SANDBOXING = YES;
				GCC_C_LANGUAGE_STANDARD = gnu17;
				GCC_DYNAMIC_NO_PIC = NO;
				GCC_NO_COMMON_BLOCKS = YES;
				GCC_OPTIMIZATION_LEVEL = 0;
				GCC_PREPROCESSOR_DEFINITIONS = (
					"DEBUG=1",
					"$(inherited)",
				);
				GCC_WARN_64_TO_32_BIT_CONVERSION = YES;
				GCC_WARN_ABOUT_RETURN_TYPE = YES_ERROR;
				GCC_WARN_UNDECLARED_SELECTOR = YES;
				GCC_WARN_UNINITIALIZED_AUTOS = YES_AGGRESSIVE;
				GCC_WARN_UNUSED_FUNCTION = YES;
				GCC_WARN_UNUSED_VARIABLE = YES;
				IPHONEOS_DEPLOYMENT_TARGET = 13.0;
				LOCALIZATION_PREFERS_STRING_CATALOGS = YES;
				MTL_ENABLE_DEBUG_INFO = INCLUDE_SOURCE;
				MTL_FAST_MATH = YES;
				ONLY_ACTIVE_ARCH = YES;
				SDKROOT = iphoneos;
				SWIFT_ACTIVE_COMPILATION_CONDITIONS = "DEBUG $(inherited)";
				SWIFT_OPTIMIZATION_LEVEL = "-Onone";
			};
			name = Debug;
		};
		0411FA842D0672C00006700A /* Release */ = {
			isa = XCBuildConfiguration;
			buildSettings = {
				ALWAYS_SEARCH_USER_PATHS = NO;
				ASSETCATALOG_COMPILER_GENERATE_SWIFT_ASSET_SYMBOL_EXTENSIONS = YES;
				CLANG_ANALYZER_NONNULL = YES;
				CLANG_ANALYZER_NUMBER_OBJECT_CONVERSION = YES_AGGRESSIVE;
				CLANG_CXX_LANGUAGE_STANDARD = "gnu++20";
				CLANG_ENABLE_MODULES = YES;
				CLANG_ENABLE_OBJC_ARC = YES;
				CLANG_ENABLE_OBJC_WEAK = YES;
				CLANG_WARN_BLOCK_CAPTURE_AUTORELEASING = YES;
				CLANG_WARN_BOOL_CONVERSION = YES;
				CLANG_WARN_COMMA = YES;
				CLANG_WARN_CONSTANT_CONVERSION = YES;
				CLANG_WARN_DEPRECATED_OBJC_IMPLEMENTATIONS = YES;
				CLANG_WARN_DIRECT_OBJC_ISA_USAGE = YES_ERROR;
				CLANG_WARN_DOCUMENTATION_COMMENTS = YES;
				CLANG_WARN_EMPTY_BODY = YES;
				CLANG_WARN_ENUM_CONVERSION = YES;
				CLANG_WARN_INFINITE_RECURSION = YES;
				CLANG_WARN_INT_CONVERSION = YES;
				CLANG_WARN_NON_LITERAL_NULL_CONVERSION = YES;
				CLANG_WARN_OBJC_IMPLICIT_RETAIN_SELF = YES;
				CLANG_WARN_OBJC_LITERAL_CONVERSION = YES;
				CLANG_WARN_OBJC_ROOT_CLASS = YES_ERROR;
				CLANG_WARN_QUOTED_INCLUDE_IN_FRAMEWORK_HEADER = YES;
				CLANG_WARN_RANGE_LOOP_ANALYSIS = YES;
				CLANG_WARN_STRICT_PROTOTYPES = YES;
				CLANG_WARN_SUSPICIOUS_MOVE = YES;
				CLANG_WARN_UNGUARDED_AVAILABILITY = YES_AGGRESSIVE;
				CLANG_WARN_UNREACHABLE_CODE = YES;
				CLANG_WARN__DUPLICATE_METHOD_MATCH = YES;
				COPY_PHASE_STRIP = NO;
				DEBUG_INFORMATION_FORMAT = "dwarf-with-dsym";
				ENABLE_NS_ASSERTIONS = NO;
				ENABLE_STRICT_OBJC_MSGSEND = YES;
				ENABLE_USER_SCRIPT_SANDBOXING = YES;
				GCC_C_LANGUAGE_STANDARD = gnu17;
				GCC_NO_COMMON_BLOCKS = YES;
				GCC_WARN_64_TO_32_BIT_CONVERSION = YES;
				GCC_WARN_ABOUT_RETURN_TYPE = YES_ERROR;
				GCC_WARN_UNDECLARED_SELECTOR = YES;
				GCC_WARN_UNINITIALIZED_AUTOS = YES_AGGRESSIVE;
				GCC_WARN_UNUSED_FUNCTION = YES;
				GCC_WARN_UNUSED_VARIABLE = YES;
				IPHONEOS_DEPLOYMENT_TARGET = 13.0;
				LOCALIZATION_PREFERS_STRING_CATALOGS = YES;
				MTL_ENABLE_DEBUG_INFO = NO;
				MTL_FAST_MATH = YES;
				SDKROOT = iphoneos;
				SWIFT_COMPILATION_MODE = wholemodule;
				VALIDATE_PRODUCT = YES;
			};
			name = Release;
		};
		0411FA862D0672C00006700A /* Debug */ = {
			isa = XCBuildConfiguration;
			buildSettings = {
				ASSETCATALOG_COMPILER_APPICON_NAME = AppIcon;
				ASSETCATALOG_COMPILER_GLOBAL_ACCENT_COLOR_NAME = AccentColor;
				CODE_SIGN_STYLE = Automatic;
				CURRENT_PROJECT_VERSION = 1;
				GENERATE_INFOPLIST_FILE = YES;
				INFOPLIST_FILE = Albumista/Resources/Info.plist;
				INFOPLIST_KEY_UIApplicationSupportsIndirectInputEvents = YES;
				INFOPLIST_KEY_UILaunchStoryboardName = LaunchScreen;
				INFOPLIST_KEY_UIMainStoryboardFile = "";
				INFOPLIST_KEY_UISupportedInterfaceOrientations = UIInterfaceOrientationPortrait;
				LD_RUNPATH_SEARCH_PATHS = (
					"$(inherited)",
					"@executable_path/Frameworks",
				);
				MARKETING_VERSION = 1.0;
				PRODUCT_BUNDLE_IDENTIFIER = ahmed.bosta.Albumista;
				PRODUCT_NAME = "$(TARGET_NAME)";
				SWIFT_EMIT_LOC_STRINGS = YES;
				SWIFT_VERSION = 5.0;
				TARGETED_DEVICE_FAMILY = "1,2";
			};
			name = Debug;
		};
		0411FA872D0672C00006700A /* Release */ = {
			isa = XCBuildConfiguration;
			buildSettings = {
				ASSETCATALOG_COMPILER_APPICON_NAME = AppIcon;
				ASSETCATALOG_COMPILER_GLOBAL_ACCENT_COLOR_NAME = AccentColor;
				CODE_SIGN_STYLE = Automatic;
				CURRENT_PROJECT_VERSION = 1;
				GENERATE_INFOPLIST_FILE = YES;
				INFOPLIST_FILE = Albumista/Resources/Info.plist;
				INFOPLIST_KEY_UIApplicationSupportsIndirectInputEvents = YES;
				INFOPLIST_KEY_UILaunchStoryboardName = LaunchScreen;
				INFOPLIST_KEY_UIMainStoryboardFile = "";
				INFOPLIST_KEY_UISupportedInterfaceOrientations = UIInterfaceOrientationPortrait;
				LD_RUNPATH_SEARCH_PATHS = (
					"$(inherited)",
					"@executable_path/Frameworks",
				);
				MARKETING_VERSION = 1.0;
				PRODUCT_BUNDLE_IDENTIFIER = ahmed.bosta.Albumista;
				PRODUCT_NAME = "$(TARGET_NAME)";
				SWIFT_EMIT_LOC_STRINGS = YES;
				SWIFT_VERSION = 5.0;
				TARGETED_DEVICE_FAMILY = "1,2";
			};
			name = Release;
		};
/* End XCBuildConfiguration section */

/* Begin XCConfigurationList section */
		0411FA6C2D0672BB0006700A /* Build configuration list for PBXProject "Albumista" */ = {
			isa = XCConfigurationList;
			buildConfigurations = (
				0411FA832D0672C00006700A /* Debug */,
				0411FA842D0672C00006700A /* Release */,
			);
			defaultConfigurationIsVisible = 0;
			defaultConfigurationName = Release;
		};
		0411FA852D0672C00006700A /* Build configuration list for PBXNativeTarget "Albumista" */ = {
			isa = XCConfigurationList;
			buildConfigurations = (
				0411FA862D0672C00006700A /* Debug */,
				0411FA872D0672C00006700A /* Release */,
			);
			defaultConfigurationIsVisible = 0;
			defaultConfigurationName = Release;
		};
/* End XCConfigurationList section */

/* Begin XCRemoteSwiftPackageReference section */
		04CCD93E2D0B96B8002AB9C7 /* XCRemoteSwiftPackageReference "SwiftMessages" */ = {
			isa = XCRemoteSwiftPackageReference;
			repositoryURL = "https://github.com/SwiftKickMobile/SwiftMessages";
			requirement = {
				kind = upToNextMajorVersion;
				minimumVersion = 10.0.1;
			};
		};
		04CCD9432D0B9715002AB9C7 /* XCRemoteSwiftPackageReference "Moya" */ = {
			isa = XCRemoteSwiftPackageReference;
			repositoryURL = "https://github.com/Moya/Moya.git";
			requirement = {
				kind = upToNextMajorVersion;
				minimumVersion = 15.0.3;
			};
		};
		04CFE4E42D0E778E0080DDD8 /* XCRemoteSwiftPackageReference "SDWebImage" */ = {
			isa = XCRemoteSwiftPackageReference;
			repositoryURL = "https://github.com/SDWebImage/SDWebImage.git";
			requirement = {
				kind = upToNextMajorVersion;
				minimumVersion = 5.20.0;
			};
		};
		04CFE4E92D0E80840080DDD8 /* XCRemoteSwiftPackageReference "SKPhotoBrowser" */ = {
			isa = XCRemoteSwiftPackageReference;
			repositoryURL = "https://github.com/suzuki-0000/SKPhotoBrowser";
			requirement = {
				kind = upToNextMajorVersion;
				minimumVersion = 7.1.0;
			};
		};
/* End XCRemoteSwiftPackageReference section */

/* Begin XCSwiftPackageProductDependency section */
		04CCD93F2D0B96B8002AB9C7 /* SwiftMessages */ = {
			isa = XCSwiftPackageProductDependency;
			package = 04CCD93E2D0B96B8002AB9C7 /* XCRemoteSwiftPackageReference "SwiftMessages" */;
			productName = SwiftMessages;
		};
		04CCD9412D0B96B8002AB9C7 /* SwiftMessages-Dynamic */ = {
			isa = XCSwiftPackageProductDependency;
			package = 04CCD93E2D0B96B8002AB9C7 /* XCRemoteSwiftPackageReference "SwiftMessages" */;
			productName = "SwiftMessages-Dynamic";
		};
		04CCD9442D0B9715002AB9C7 /* CombineMoya */ = {
			isa = XCSwiftPackageProductDependency;
			package = 04CCD9432D0B9715002AB9C7 /* XCRemoteSwiftPackageReference "Moya" */;
			productName = CombineMoya;
		};
		04CCD9462D0B9715002AB9C7 /* Moya */ = {
			isa = XCSwiftPackageProductDependency;
			package = 04CCD9432D0B9715002AB9C7 /* XCRemoteSwiftPackageReference "Moya" */;
			productName = Moya;
		};
		04CCD9482D0B9715002AB9C7 /* ReactiveMoya */ = {
			isa = XCSwiftPackageProductDependency;
			package = 04CCD9432D0B9715002AB9C7 /* XCRemoteSwiftPackageReference "Moya" */;
			productName = ReactiveMoya;
		};
		04CCD94A2D0B9715002AB9C7 /* RxMoya */ = {
			isa = XCSwiftPackageProductDependency;
			package = 04CCD9432D0B9715002AB9C7 /* XCRemoteSwiftPackageReference "Moya" */;
			productName = RxMoya;
		};
		04CFE4E52D0E778E0080DDD8 /* SDWebImage */ = {
			isa = XCSwiftPackageProductDependency;
			package = 04CFE4E42D0E778E0080DDD8 /* XCRemoteSwiftPackageReference "SDWebImage" */;
			productName = SDWebImage;
		};
		04CFE4E72D0E778E0080DDD8 /* SDWebImageMapKit */ = {
			isa = XCSwiftPackageProductDependency;
			package = 04CFE4E42D0E778E0080DDD8 /* XCRemoteSwiftPackageReference "SDWebImage" */;
			productName = SDWebImageMapKit;
		};
		04CFE4EA2D0E80840080DDD8 /* SKPhotoBrowser */ = {
			isa = XCSwiftPackageProductDependency;
			package = 04CFE4E92D0E80840080DDD8 /* XCRemoteSwiftPackageReference "SKPhotoBrowser" */;
			productName = SKPhotoBrowser;
		};
/* End XCSwiftPackageProductDependency section */
	};
	rootObject = 0411FA692D0672BB0006700A /* Project object */;
}
